// !$*UTF8*$!
{
	archiveVersion = 1;
	classes = {
	};
	objectVersion = 50;
	objects = {

/* Begin PBXBuildFile section */
		D7922FF7263355A7001CACBB /* AppDelegate.swift in Sources */ = {isa = PBXBuildFile; fileRef = D7922FF6263355A7001CACBB /* AppDelegate.swift */; };
		D7922FF9263355A7001CACBB /* SceneDelegate.swift in Sources */ = {isa = PBXBuildFile; fileRef = D7922FF8263355A7001CACBB /* SceneDelegate.swift */; };
		D7922FFB263355A7001CACBB /* ViewController.swift in Sources */ = {isa = PBXBuildFile; fileRef = D7922FFA263355A7001CACBB /* ViewController.swift */; };
		D7922FFE263355A7001CACBB /* Main.storyboard in Resources */ = {isa = PBXBuildFile; fileRef = D7922FFC263355A7001CACBB /* Main.storyboard */; };
		D7923000263355AD001CACBB /* Assets.xcassets in Resources */ = {isa = PBXBuildFile; fileRef = D7922FFF263355AD001CACBB /* Assets.xcassets */; };
		D7923003263355AD001CACBB /* LaunchScreen.storyboard in Resources */ = {isa = PBXBuildFile; fileRef = D7923001263355AD001CACBB /* LaunchScreen.storyboard */; };
		D792300E263355AD001CACBB /* TestingActions_iOSTests.swift in Sources */ = {isa = PBXBuildFile; fileRef = D792300D263355AD001CACBB /* TestingActions_iOSTests.swift */; };
		D7923019263355AD001CACBB /* TestingActions_iOSUITests.swift in Sources */ = {isa = PBXBuildFile; fileRef = D7923018263355AD001CACBB /* TestingActions_iOSUITests.swift */; };
/* End PBXBuildFile section */

/* Begin PBXContainerItemProxy section */
		D792300A263355AD001CACBB /* PBXContainerItemProxy */ = {
			isa = PBXContainerItemProxy;
			containerPortal = D7922FEB263355A7001CACBB /* Project object */;
			proxyType = 1;
			remoteGlobalIDString = D7922FF2263355A7001CACBB;
			remoteInfo = "TestingActions-iOS";
		};
		D7923015263355AD001CACBB /* PBXContainerItemProxy */ = {
			isa = PBXContainerItemProxy;
			containerPortal = D7922FEB263355A7001CACBB /* Project object */;
			proxyType = 1;
			remoteGlobalIDString = D7922FF2263355A7001CACBB;
			remoteInfo = "TestingActions-iOS";
		};
/* End PBXContainerItemProxy section */

/* Begin PBXFileReference section */
		D7922FF3263355A7001CACBB /* TestingActions-iOS.app */ = {isa = PBXFileReference; explicitFileType = wrapper.application; includeInIndex = 0; path = "TestingActions-iOS.app"; sourceTree = BUILT_PRODUCTS_DIR; };
		D7922FF6263355A7001CACBB /* AppDelegate.swift */ = {isa = PBXFileReference; lastKnownFileType = sourcecode.swift; path = AppDelegate.swift; sourceTree = "<group>"; };
		D7922FF8263355A7001CACBB /* SceneDelegate.swift */ = {isa = PBXFileReference; lastKnownFileType = sourcecode.swift; path = SceneDelegate.swift; sourceTree = "<group>"; };
		D7922FFA263355A7001CACBB /* ViewController.swift */ = {isa = PBXFileReference; lastKnownFileType = sourcecode.swift; path = ViewController.swift; sourceTree = "<group>"; };
		D7922FFD263355A7001CACBB /* Base */ = {isa = PBXFileReference; lastKnownFileType = file.storyboard; name = Base; path = Base.lproj/Main.storyboard; sourceTree = "<group>"; };
		D7922FFF263355AD001CACBB /* Assets.xcassets */ = {isa = PBXFileReference; lastKnownFileType = folder.assetcatalog; path = Assets.xcassets; sourceTree = "<group>"; };
		D7923002263355AD001CACBB /* Base */ = {isa = PBXFileReference; lastKnownFileType = file.storyboard; name = Base; path = Base.lproj/LaunchScreen.storyboard; sourceTree = "<group>"; };
		D7923004263355AD001CACBB /* Info.plist */ = {isa = PBXFileReference; lastKnownFileType = text.plist.xml; path = Info.plist; sourceTree = "<group>"; };
		D7923009263355AD001CACBB /* TestingActions-iOSTests.xctest */ = {isa = PBXFileReference; explicitFileType = wrapper.cfbundle; includeInIndex = 0; path = "TestingActions-iOSTests.xctest"; sourceTree = BUILT_PRODUCTS_DIR; };
		D792300D263355AD001CACBB /* TestingActions_iOSTests.swift */ = {isa = PBXFileReference; lastKnownFileType = sourcecode.swift; path = TestingActions_iOSTests.swift; sourceTree = "<group>"; };
		D792300F263355AD001CACBB /* Info.plist */ = {isa = PBXFileReference; lastKnownFileType = text.plist.xml; path = Info.plist; sourceTree = "<group>"; };
		D7923014263355AD001CACBB /* TestingActions-iOSUITests.xctest */ = {isa = PBXFileReference; explicitFileType = wrapper.cfbundle; includeInIndex = 0; path = "TestingActions-iOSUITests.xctest"; sourceTree = BUILT_PRODUCTS_DIR; };
		D7923018263355AD001CACBB /* TestingActions_iOSUITests.swift */ = {isa = PBXFileReference; lastKnownFileType = sourcecode.swift; path = TestingActions_iOSUITests.swift; sourceTree = "<group>"; };
		D792301A263355AD001CACBB /* Info.plist */ = {isa = PBXFileReference; lastKnownFileType = text.plist.xml; path = Info.plist; sourceTree = "<group>"; };
/* End PBXFileReference section */

/* Begin PBXFrameworksBuildPhase section */
		D7922FF0263355A7001CACBB /* Frameworks */ = {
			isa = PBXFrameworksBuildPhase;
			buildActionMask = 2147483647;
			files = (
			);
			runOnlyForDeploymentPostprocessing = 0;
		};
		D7923006263355AD001CACBB /* Frameworks */ = {
			isa = PBXFrameworksBuildPhase;
			buildActionMask = 2147483647;
			files = (
			);
			runOnlyForDeploymentPostprocessing = 0;
		};
		D7923011263355AD001CACBB /* Frameworks */ = {
			isa = PBXFrameworksBuildPhase;
			buildActionMask = 2147483647;
			files = (
			);
			runOnlyForDeploymentPostprocessing = 0;
		};
/* End PBXFrameworksBuildPhase section */

/* Begin PBXGroup section */
		D7922FEA263355A7001CACBB = {
			isa = PBXGroup;
			children = (
				D7922FF5263355A7001CACBB /* TestingActions-iOS */,
				D792300C263355AD001CACBB /* TestingActions-iOSTests */,
				D7923017263355AD001CACBB /* TestingActions-iOSUITests */,
				D7922FF4263355A7001CACBB /* Products */,
			);
			sourceTree = "<group>";
		};
		D7922FF4263355A7001CACBB /* Products */ = {
			isa = PBXGroup;
			children = (
				D7922FF3263355A7001CACBB /* TestingActions-iOS.app */,
				D7923009263355AD001CACBB /* TestingActions-iOSTests.xctest */,
				D7923014263355AD001CACBB /* TestingActions-iOSUITests.xctest */,
			);
			name = Products;
			sourceTree = "<group>";
		};
		D7922FF5263355A7001CACBB /* TestingActions-iOS */ = {
			isa = PBXGroup;
			children = (
				D7922FF6263355A7001CACBB /* AppDelegate.swift */,
				D7922FF8263355A7001CACBB /* SceneDelegate.swift */,
				D7922FFA263355A7001CACBB /* ViewController.swift */,
				D7922FFC263355A7001CACBB /* Main.storyboard */,
				D7922FFF263355AD001CACBB /* Assets.xcassets */,
				D7923001263355AD001CACBB /* LaunchScreen.storyboard */,
				D7923004263355AD001CACBB /* Info.plist */,
			);
			path = "TestingActions-iOS";
			sourceTree = "<group>";
		};
		D792300C263355AD001CACBB /* TestingActions-iOSTests */ = {
			isa = PBXGroup;
			children = (
				D792300D263355AD001CACBB /* TestingActions_iOSTests.swift */,
				D792300F263355AD001CACBB /* Info.plist */,
			);
			path = "TestingActions-iOSTests";
			sourceTree = "<group>";
		};
		D7923017263355AD001CACBB /* TestingActions-iOSUITests */ = {
			isa = PBXGroup;
			children = (
				D7923018263355AD001CACBB /* TestingActions_iOSUITests.swift */,
				D792301A263355AD001CACBB /* Info.plist */,
			);
			path = "TestingActions-iOSUITests";
			sourceTree = "<group>";
		};
/* End PBXGroup section */

/* Begin PBXNativeTarget section */
		D7922FF2263355A7001CACBB /* TestingActions-iOS */ = {
			isa = PBXNativeTarget;
			buildConfigurationList = D792301D263355AD001CACBB /* Build configuration list for PBXNativeTarget "TestingActions-iOS" */;
			buildPhases = (
				D7922FEF263355A7001CACBB /* Sources */,
				D7922FF0263355A7001CACBB /* Frameworks */,
				D7922FF1263355A7001CACBB /* Resources */,
			);
			buildRules = (
			);
			dependencies = (
			);
			name = "TestingActions-iOS";
			productName = "TestingActions-iOS";
			productReference = D7922FF3263355A7001CACBB /* TestingActions-iOS.app */;
			productType = "com.apple.product-type.application";
		};
		D7923008263355AD001CACBB /* TestingActions-iOSTests */ = {
			isa = PBXNativeTarget;
			buildConfigurationList = D7923020263355AD001CACBB /* Build configuration list for PBXNativeTarget "TestingActions-iOSTests" */;
			buildPhases = (
				D7923005263355AD001CACBB /* Sources */,
				D7923006263355AD001CACBB /* Frameworks */,
				D7923007263355AD001CACBB /* Resources */,
			);
			buildRules = (
			);
			dependencies = (
				D792300B263355AD001CACBB /* PBXTargetDependency */,
			);
			name = "TestingActions-iOSTests";
			productName = "TestingActions-iOSTests";
			productReference = D7923009263355AD001CACBB /* TestingActions-iOSTests.xctest */;
			productType = "com.apple.product-type.bundle.unit-test";
		};
		D7923013263355AD001CACBB /* TestingActions-iOSUITests */ = {
			isa = PBXNativeTarget;
			buildConfigurationList = D7923023263355AD001CACBB /* Build configuration list for PBXNativeTarget "TestingActions-iOSUITests" */;
			buildPhases = (
				D7923010263355AD001CACBB /* Sources */,
				D7923011263355AD001CACBB /* Frameworks */,
				D7923012263355AD001CACBB /* Resources */,
			);
			buildRules = (
			);
			dependencies = (
				D7923016263355AD001CACBB /* PBXTargetDependency */,
			);
			name = "TestingActions-iOSUITests";
			productName = "TestingActions-iOSUITests";
			productReference = D7923014263355AD001CACBB /* TestingActions-iOSUITests.xctest */;
			productType = "com.apple.product-type.bundle.ui-testing";
		};
/* End PBXNativeTarget section */

/* Begin PBXProject section */
		D7922FEB263355A7001CACBB /* Project object */ = {
			isa = PBXProject;
			attributes = {
				LastSwiftUpdateCheck = 1240;
				LastUpgradeCheck = 1240;
				TargetAttributes = {
					D7922FF2263355A7001CACBB = {
						CreatedOnToolsVersion = 12.4;
					};
					D7923008263355AD001CACBB = {
						CreatedOnToolsVersion = 12.4;
						TestTargetID = D7922FF2263355A7001CACBB;
					};
					D7923013263355AD001CACBB = {
						CreatedOnToolsVersion = 12.4;
						TestTargetID = D7922FF2263355A7001CACBB;
					};
				};
			};
			buildConfigurationList = D7922FEE263355A7001CACBB /* Build configuration list for PBXProject "TestingActions-iOS" */;
			compatibilityVersion = "Xcode 9.3";
			developmentRegion = en;
			hasScannedForEncodings = 0;
			knownRegions = (
				en,
				Base,
			);
			mainGroup = D7922FEA263355A7001CACBB;
			productRefGroup = D7922FF4263355A7001CACBB /* Products */;
			projectDirPath = "";
			projectRoot = "";
			targets = (
				D7922FF2263355A7001CACBB /* TestingActions-iOS */,
				D7923008263355AD001CACBB /* TestingActions-iOSTests */,
				D7923013263355AD001CACBB /* TestingActions-iOSUITests */,
			);
		};
/* End PBXProject section */

/* Begin PBXResourcesBuildPhase section */
		D7922FF1263355A7001CACBB /* Resources */ = {
			isa = PBXResourcesBuildPhase;
			buildActionMask = 2147483647;
			files = (
				D7923003263355AD001CACBB /* LaunchScreen.storyboard in Resources */,
				D7923000263355AD001CACBB /* Assets.xcassets in Resources */,
				D7922FFE263355A7001CACBB /* Main.storyboard in Resources */,
			);
			runOnlyForDeploymentPostprocessing = 0;
		};
		D7923007263355AD001CACBB /* Resources */ = {
			isa = PBXResourcesBuildPhase;
			buildActionMask = 2147483647;
			files = (
			);
			runOnlyForDeploymentPostprocessing = 0;
		};
		D7923012263355AD001CACBB /* Resources */ = {
			isa = PBXResourcesBuildPhase;
			buildActionMask = 2147483647;
			files = (
			);
			runOnlyForDeploymentPostprocessing = 0;
		};
/* End PBXResourcesBuildPhase section */

/* Begin PBXSourcesBuildPhase section */
		D7922FEF263355A7001CACBB /* Sources */ = {
			isa = PBXSourcesBuildPhase;
			buildActionMask = 2147483647;
			files = (
				D7922FFB263355A7001CACBB /* ViewController.swift in Sources */,
				D7922FF7263355A7001CACBB /* AppDelegate.swift in Sources */,
				D7922FF9263355A7001CACBB /* SceneDelegate.swift in Sources */,
			);
			runOnlyForDeploymentPostprocessing = 0;
		};
		D7923005263355AD001CACBB /* Sources */ = {
			isa = PBXSourcesBuildPhase;
			buildActionMask = 2147483647;
			files = (
				D792300E263355AD001CACBB /* TestingActions_iOSTests.swift in Sources */,
			);
			runOnlyForDeploymentPostprocessing = 0;
		};
		D7923010263355AD001CACBB /* Sources */ = {
			isa = PBXSourcesBuildPhase;
			buildActionMask = 2147483647;
			files = (
				D7923019263355AD001CACBB /* TestingActions_iOSUITests.swift in Sources */,
			);
			runOnlyForDeploymentPostprocessing = 0;
		};
/* End PBXSourcesBuildPhase section */

/* Begin PBXTargetDependency section */
		D792300B263355AD001CACBB /* PBXTargetDependency */ = {
			isa = PBXTargetDependency;
			target = D7922FF2263355A7001CACBB /* TestingActions-iOS */;
			targetProxy = D792300A263355AD001CACBB /* PBXContainerItemProxy */;
		};
		D7923016263355AD001CACBB /* PBXTargetDependency */ = {
			isa = PBXTargetDependency;
			target = D7922FF2263355A7001CACBB /* TestingActions-iOS */;
			targetProxy = D7923015263355AD001CACBB /* PBXContainerItemProxy */;
		};
/* End PBXTargetDependency section */

/* Begin PBXVariantGroup section */
		D7922FFC263355A7001CACBB /* Main.storyboard */ = {
			isa = PBXVariantGroup;
			children = (
				D7922FFD263355A7001CACBB /* Base */,
			);
			name = Main.storyboard;
			sourceTree = "<group>";
		};
		D7923001263355AD001CACBB /* LaunchScreen.storyboard */ = {
			isa = PBXVariantGroup;
			children = (
				D7923002263355AD001CACBB /* Base */,
			);
			name = LaunchScreen.storyboard;
			sourceTree = "<group>";
		};
/* End PBXVariantGroup section */

/* Begin XCBuildConfiguration section */
		D792301B263355AD001CACBB /* Debug */ = {
			isa = XCBuildConfiguration;
			buildSettings = {
				ALWAYS_SEARCH_USER_PATHS = NO;
				CLANG_ANALYZER_NONNULL = YES;
				CLANG_ANALYZER_NUMBER_OBJECT_CONVERSION = YES_AGGRESSIVE;
				CLANG_CXX_LANGUAGE_STANDARD = "gnu++14";
				CLANG_CXX_LIBRARY = "libc++";
				CLANG_ENABLE_MODULES = YES;
				CLANG_ENABLE_OBJC_ARC = YES;
				CLANG_ENABLE_OBJC_WEAK = YES;
				CLANG_WARN_BLOCK_CAPTURE_AUTORELEASING = YES;
				CLANG_WARN_BOOL_CONVERSION = YES;
				CLANG_WARN_COMMA = YES;
				CLANG_WARN_CONSTANT_CONVERSION = YES;
				CLANG_WARN_DEPRECATED_OBJC_IMPLEMENTATIONS = YES;
				CLANG_WARN_DIRECT_OBJC_ISA_USAGE = YES_ERROR;
				CLANG_WARN_DOCUMENTATION_COMMENTS = YES;
				CLANG_WARN_EMPTY_BODY = YES;
				CLANG_WARN_ENUM_CONVERSION = YES;
				CLANG_WARN_INFINITE_RECURSION = YES;
				CLANG_WARN_INT_CONVERSION = YES;
				CLANG_WARN_NON_LITERAL_NULL_CONVERSION = YES;
				CLANG_WARN_OBJC_IMPLICIT_RETAIN_SELF = YES;
				CLANG_WARN_OBJC_LITERAL_CONVERSION = YES;
				CLANG_WARN_OBJC_ROOT_CLASS = YES_ERROR;
				CLANG_WARN_QUOTED_INCLUDE_IN_FRAMEWORK_HEADER = YES;
				CLANG_WARN_RANGE_LOOP_ANALYSIS = YES;
				CLANG_WARN_STRICT_PROTOTYPES = YES;
				CLANG_WARN_SUSPICIOUS_MOVE = YES;
				CLANG_WARN_UNGUARDED_AVAILABILITY = YES_AGGRESSIVE;
				CLANG_WARN_UNREACHABLE_CODE = YES;
				CLANG_WARN__DUPLICATE_METHOD_MATCH = YES;
				COPY_PHASE_STRIP = NO;
				DEBUG_INFORMATION_FORMAT = dwarf;
				ENABLE_STRICT_OBJC_MSGSEND = YES;
				ENABLE_TESTABILITY = YES;
				GCC_C_LANGUAGE_STANDARD = gnu11;
				GCC_DYNAMIC_NO_PIC = NO;
				GCC_NO_COMMON_BLOCKS = YES;
				GCC_OPTIMIZATION_LEVEL = 0;
				GCC_PREPROCESSOR_DEFINITIONS = (
					"DEBUG=1",
					"$(inherited)",
				);
				GCC_WARN_64_TO_32_BIT_CONVERSION = YES;
				GCC_WARN_ABOUT_RETURN_TYPE = YES_ERROR;
				GCC_WARN_UNDECLARED_SELECTOR = YES;
				GCC_WARN_UNINITIALIZED_AUTOS = YES_AGGRESSIVE;
				GCC_WARN_UNUSED_FUNCTION = YES;
				GCC_WARN_UNUSED_VARIABLE = YES;
				IPHONEOS_DEPLOYMENT_TARGET = 14.4;
				MTL_ENABLE_DEBUG_INFO = INCLUDE_SOURCE;
				MTL_FAST_MATH = YES;
				ONLY_ACTIVE_ARCH = YES;
				SDKROOT = iphoneos;
				SWIFT_ACTIVE_COMPILATION_CONDITIONS = DEBUG;
				SWIFT_OPTIMIZATION_LEVEL = "-Onone";
			};
			name = Debug;
		};
		D792301C263355AD001CACBB /* Release */ = {
			isa = XCBuildConfiguration;
			buildSettings = {
				ALWAYS_SEARCH_USER_PATHS = NO;
				CLANG_ANALYZER_NONNULL = YES;
				CLANG_ANALYZER_NUMBER_OBJECT_CONVERSION = YES_AGGRESSIVE;
				CLANG_CXX_LANGUAGE_STANDARD = "gnu++14";
				CLANG_CXX_LIBRARY = "libc++";
				CLANG_ENABLE_MODULES = YES;
				CLANG_ENABLE_OBJC_ARC = YES;
				CLANG_ENABLE_OBJC_WEAK = YES;
				CLANG_WARN_BLOCK_CAPTURE_AUTORELEASING = YES;
				CLANG_WARN_BOOL_CONVERSION = YES;
				CLANG_WARN_COMMA = YES;
				CLANG_WARN_CONSTANT_CONVERSION = YES;
				CLANG_WARN_DEPRECATED_OBJC_IMPLEMENTATIONS = YES;
				CLANG_WARN_DIRECT_OBJC_ISA_USAGE = YES_ERROR;
				CLANG_WARN_DOCUMENTATION_COMMENTS = YES;
				CLANG_WARN_EMPTY_BODY = YES;
				CLANG_WARN_ENUM_CONVERSION = YES;
				CLANG_WARN_INFINITE_RECURSION = YES;
				CLANG_WARN_INT_CONVERSION = YES;
				CLANG_WARN_NON_LITERAL_NULL_CONVERSION = YES;
				CLANG_WARN_OBJC_IMPLICIT_RETAIN_SELF = YES;
				CLANG_WARN_OBJC_LITERAL_CONVERSION = YES;
				CLANG_WARN_OBJC_ROOT_CLASS = YES_ERROR;
				CLANG_WARN_QUOTED_INCLUDE_IN_FRAMEWORK_HEADER = YES;
				CLANG_WARN_RANGE_LOOP_ANALYSIS = YES;
				CLANG_WARN_STRICT_PROTOTYPES = YES;
				CLANG_WARN_SUSPICIOUS_MOVE = YES;
				CLANG_WARN_UNGUARDED_AVAILABILITY = YES_AGGRESSIVE;
				CLANG_WARN_UNREACHABLE_CODE = YES;
				CLANG_WARN__DUPLICATE_METHOD_MATCH = YES;
				COPY_PHASE_STRIP = NO;
				DEBUG_INFORMATION_FORMAT = "dwarf-with-dsym";
				ENABLE_NS_ASSERTIONS = NO;
				ENABLE_STRICT_OBJC_MSGSEND = YES;
				GCC_C_LANGUAGE_STANDARD = gnu11;
				GCC_NO_COMMON_BLOCKS = YES;
				GCC_WARN_64_TO_32_BIT_CONVERSION = YES;
				GCC_WARN_ABOUT_RETURN_TYPE = YES_ERROR;
				GCC_WARN_UNDECLARED_SELECTOR = YES;
				GCC_WARN_UNINITIALIZED_AUTOS = YES_AGGRESSIVE;
				GCC_WARN_UNUSED_FUNCTION = YES;
				GCC_WARN_UNUSED_VARIABLE = YES;
				IPHONEOS_DEPLOYMENT_TARGET = 14.4;
				MTL_ENABLE_DEBUG_INFO = NO;
				MTL_FAST_MATH = YES;
				SDKROOT = iphoneos;
				SWIFT_COMPILATION_MODE = wholemodule;
				SWIFT_OPTIMIZATION_LEVEL = "-O";
				VALIDATE_PRODUCT = YES;
			};
			name = Release;
		};
		D792301E263355AD001CACBB /* Debug */ = {
			isa = XCBuildConfiguration;
			buildSettings = {
				ASSETCATALOG_COMPILER_APPICON_NAME = AppIcon;
				ASSETCATALOG_COMPILER_GLOBAL_ACCENT_COLOR_NAME = AccentColor;
				CODE_SIGN_STYLE = Automatic;
				DEVELOPMENT_TEAM = 8GGZPC2D8Y;
				INFOPLIST_FILE = "TestingActions-iOS/Info.plist";
				LD_RUNPATH_SEARCH_PATHS = (
					"$(inherited)",
					"@executable_path/Frameworks",
				);
				PRODUCT_BUNDLE_IDENTIFIER = "com.example.TestingActions-iOS";
				PRODUCT_NAME = "$(TARGET_NAME)";
				SWIFT_VERSION = 5.0;
				TARGETED_DEVICE_FAMILY = "1,2";
			};
			name = Debug;
		};
		D792301F263355AD001CACBB /* Release */ = {
			isa = XCBuildConfiguration;
			buildSettings = {
				ASSETCATALOG_COMPILER_APPICON_NAME = AppIcon;
				ASSETCATALOG_COMPILER_GLOBAL_ACCENT_COLOR_NAME = AccentColor;
				CODE_SIGN_STYLE = Automatic;
				DEVELOPMENT_TEAM = 8GGZPC2D8Y;
				INFOPLIST_FILE = "TestingActions-iOS/Info.plist";
				LD_RUNPATH_SEARCH_PATHS = (
					"$(inherited)",
					"@executable_path/Frameworks",
				);
				PRODUCT_BUNDLE_IDENTIFIER = "com.example.TestingActions-iOS";
				PRODUCT_NAME = "$(TARGET_NAME)";
				SWIFT_VERSION = 5.0;
				TARGETED_DEVICE_FAMILY = "1,2";
			};
			name = Release;
		};
		D7923021263355AD001CACBB /* Debug */ = {
			isa = XCBuildConfiguration;
			buildSettings = {
				ALWAYS_EMBED_SWIFT_STANDARD_LIBRARIES = YES;
				BUNDLE_LOADER = "$(TEST_HOST)";
				CODE_SIGN_STYLE = Automatic;
				DEVELOPMENT_TEAM = 8GGZPC2D8Y;
				INFOPLIST_FILE = "TestingActions-iOSTests/Info.plist";
				IPHONEOS_DEPLOYMENT_TARGET = 14.4;
				LD_RUNPATH_SEARCH_PATHS = (
					"$(inherited)",
					"@executable_path/Frameworks",
					"@loader_path/Frameworks",
				);
				PRODUCT_BUNDLE_IDENTIFIER = "com.example.TestingActions-iOSTests";
				PRODUCT_NAME = "$(TARGET_NAME)";
				SWIFT_VERSION = 5.0;
				TARGETED_DEVICE_FAMILY = "1,2";
				TEST_HOST = "$(BUILT_PRODUCTS_DIR)/TestingActions-iOS.app/TestingActions-iOS";
			};
			name = Debug;
		};
		D7923022263355AD001CACBB /* Release */ = {
			isa = XCBuildConfiguration;
			buildSettings = {
				ALWAYS_EMBED_SWIFT_STANDARD_LIBRARIES = YES;
				BUNDLE_LOADER = "$(TEST_HOST)";
				CODE_SIGN_STYLE = Automatic;
				DEVELOPMENT_TEAM = 8GGZPC2D8Y;
				INFOPLIST_FILE = "TestingActions-iOSTests/Info.plist";
				IPHONEOS_DEPLOYMENT_TARGET = 14.4;
				LD_RUNPATH_SEARCH_PATHS = (
					"$(inherited)",
					"@executable_path/Frameworks",
					"@loader_path/Frameworks",
				);
				PRODUCT_BUNDLE_IDENTIFIER = "com.example.TestingActions-iOSTests";
				PRODUCT_NAME = "$(TARGET_NAME)";
				SWIFT_VERSION = 5.0;
				TARGETED_DEVICE_FAMILY = "1,2";
				TEST_HOST = "$(BUILT_PRODUCTS_DIR)/TestingActions-iOS.app/TestingActions-iOS";
			};
			name = Release;
		};
		D7923024263355AD001CACBB /* Debug */ = {
			isa = XCBuildConfiguration;
			buildSettings = {
				ALWAYS_EMBED_SWIFT_STANDARD_LIBRARIES = YES;
				CODE_SIGN_STYLE = Automatic;
				DEVELOPMENT_TEAM = 8GGZPC2D8Y;
				INFOPLIST_FILE = "TestingActions-iOSUITests/Info.plist";
				LD_RUNPATH_SEARCH_PATHS = (
					"$(inherited)",
					"@executable_path/Frameworks",
					"@loader_path/Frameworks",
				);
				PRODUCT_BUNDLE_IDENTIFIER = "com.example.TestingActions-iOSUITests";
				PRODUCT_NAME = "$(TARGET_NAME)";
				SWIFT_VERSION = 5.0;
				TARGETED_DEVICE_FAMILY = "1,2";
				TEST_TARGET_NAME = "TestingActions-iOS";
			};
			name = Debug;
		};
		D7923025263355AD001CACBB /* Release */ = {
			isa = XCBuildConfiguration;
			buildSettings = {
				ALWAYS_EMBED_SWIFT_STANDARD_LIBRARIES = YES;
				CODE_SIGN_STYLE = Automatic;
				DEVELOPMENT_TEAM = 8GGZPC2D8Y;
				INFOPLIST_FILE = "TestingActions-iOSUITests/Info.plist";
				LD_RUNPATH_SEARCH_PATHS = (
					"$(inherited)",
					"@executable_path/Frameworks",
					"@loader_path/Frameworks",
				);
				PRODUCT_BUNDLE_IDENTIFIER = "com.example.TestingActions-iOSUITests";
				PRODUCT_NAME = "$(TARGET_NAME)";
				SWIFT_VERSION = 5.0;
				TARGETED_DEVICE_FAMILY = "1,2";
				TEST_TARGET_NAME = "TestingActions-iOS";
			};
			name = Release;
		};
/* End XCBuildConfiguration section */

/* Begin XCConfigurationList section */
		D7922FEE263355A7001CACBB /* Build configuration list for PBXProject "TestingActions-iOS" */ = {
			isa = XCConfigurationList;
			buildConfigurations = (
				D792301B263355AD001CACBB /* Debug */,
				D792301C263355AD001CACBB /* Release */,
			);
			defaultConfigurationIsVisible = 0;
			defaultConfigurationName = Release;
		};
		D792301D263355AD001CACBB /* Build configuration list for PBXNativeTarget "TestingActions-iOS" */ = {
			isa = XCConfigurationList;
			buildConfigurations = (
				D792301E263355AD001CACBB /* Debug */,
				D792301F263355AD001CACBB /* Release */,
			);
			defaultConfigurationIsVisible = 0;
			defaultConfigurationName = Release;
		};
		D7923020263355AD001CACBB /* Build configuration list for PBXNativeTarget "TestingActions-iOSTests" */ = {
			isa = XCConfigurationList;
			buildConfigurations = (
				D7923021263355AD001CACBB /* Debug */,
				D7923022263355AD001CACBB /* Release */,
			);
			defaultConfigurationIsVisible = 0;
			defaultConfigurationName = Release;
		};
		D7923023263355AD001CACBB /* Build configuration list for PBXNativeTarget "TestingActions-iOSUITests" */ = {
			isa = XCConfigurationList;
			buildConfigurations = (
				D7923024263355AD001CACBB /* Debug */,
				D7923025263355AD001CACBB /* Release */,
			);
			defaultConfigurationIsVisible = 0;
			defaultConfigurationName = Release;
		};
/* End XCConfigurationList section */
	};
	rootObject = D7922FEB263355A7001CACBB /* Project object */;
}
